// !$*UTF8*$!
{
	archiveVersion = 1;
	classes = {
	};
	objectVersion = 48;
	objects = {

/* Begin PBXBuildFile section */
		CC90ED0F200F437600CFEFE3 /* AppDelegate.m in Sources */ = {isa = PBXBuildFile; fileRef = CC90ED0E200F437600CFEFE3 /* AppDelegate.m */; };
		CC90ED12200F437600CFEFE3 /* GreetingsViewController.m in Sources */ = {isa = PBXBuildFile; fileRef = CC90ED11200F437600CFEFE3 /* GreetingsViewController.m */; };
		CC90ED15200F437600CFEFE3 /* Main.storyboard in Resources */ = {isa = PBXBuildFile; fileRef = CC90ED13200F437600CFEFE3 /* Main.storyboard */; };
		CC90ED17200F437600CFEFE3 /* Assets.xcassets in Resources */ = {isa = PBXBuildFile; fileRef = CC90ED16200F437600CFEFE3 /* Assets.xcassets */; };
		CC90ED1A200F437600CFEFE3 /* LaunchScreen.storyboard in Resources */ = {isa = PBXBuildFile; fileRef = CC90ED18200F437600CFEFE3 /* LaunchScreen.storyboard */; };
		CC90ED1D200F437600CFEFE3 /* main.m in Sources */ = {isa = PBXBuildFile; fileRef = CC90ED1C200F437600CFEFE3 /* main.m */; };
		CC90ED27200F437600CFEFE3 /* Lesson2Tests.m in Sources */ = {isa = PBXBuildFile; fileRef = CC90ED26200F437600CFEFE3 /* Lesson2Tests.m */; };
		CC90ED33200F4DA600CFEFE3 /* GeneratedInfo.m in Sources */ = {isa = PBXBuildFile; fileRef = CC90ED32200F4DA600CFEFE3 /* GeneratedInfo.m */; };
		CC90ED37200F552700CFEFE3 /* GreetingsGenerator.m in Sources */ = {isa = PBXBuildFile; fileRef = CC90ED36200F552700CFEFE3 /* GreetingsGenerator.m */; };
		CC90ED3B200F61A400CFEFE3 /* NSArray+GetRandom.m in Sources */ = {isa = PBXBuildFile; fileRef = CC90ED3A200F61A400CFEFE3 /* NSArray+GetRandom.m */; };
/* End PBXBuildFile section */

/* Begin PBXContainerItemProxy section */
		CC90ED23200F437600CFEFE3 /* PBXContainerItemProxy */ = {
			isa = PBXContainerItemProxy;
			containerPortal = CC90ED02200F437600CFEFE3 /* Project object */;
			proxyType = 1;
			remoteGlobalIDString = CC90ED09200F437600CFEFE3;
			remoteInfo = Lesson2;
		};
/* End PBXContainerItemProxy section */

/* Begin PBXFileReference section */
		CC90ED0A200F437600CFEFE3 /* Lesson2.app */ = {isa = PBXFileReference; explicitFileType = wrapper.application; includeInIndex = 0; path = Lesson2.app; sourceTree = BUILT_PRODUCTS_DIR; };
		CC90ED0D200F437600CFEFE3 /* AppDelegate.h */ = {isa = PBXFileReference; lastKnownFileType = sourcecode.c.h; path = AppDelegate.h; sourceTree = "<group>"; };
		CC90ED0E200F437600CFEFE3 /* AppDelegate.m */ = {isa = PBXFileReference; lastKnownFileType = sourcecode.c.objc; path = AppDelegate.m; sourceTree = "<group>"; };
		CC90ED10200F437600CFEFE3 /* GreetingsViewController.h */ = {isa = PBXFileReference; lastKnownFileType = sourcecode.c.h; path = GreetingsViewController.h; sourceTree = "<group>"; };
		CC90ED11200F437600CFEFE3 /* GreetingsViewController.m */ = {isa = PBXFileReference; lastKnownFileType = sourcecode.c.objc; path = GreetingsViewController.m; sourceTree = "<group>"; };
		CC90ED14200F437600CFEFE3 /* Base */ = {isa = PBXFileReference; lastKnownFileType = file.storyboard; name = Base; path = Base.lproj/Main.storyboard; sourceTree = "<group>"; };
		CC90ED16200F437600CFEFE3 /* Assets.xcassets */ = {isa = PBXFileReference; lastKnownFileType = folder.assetcatalog; path = Assets.xcassets; sourceTree = "<group>"; };
		CC90ED19200F437600CFEFE3 /* Base */ = {isa = PBXFileReference; lastKnownFileType = file.storyboard; name = Base; path = Base.lproj/LaunchScreen.storyboard; sourceTree = "<group>"; };
		CC90ED1B200F437600CFEFE3 /* Info.plist */ = {isa = PBXFileReference; lastKnownFileType = text.plist.xml; path = Info.plist; sourceTree = "<group>"; };
		CC90ED1C200F437600CFEFE3 /* main.m */ = {isa = PBXFileReference; lastKnownFileType = sourcecode.c.objc; path = main.m; sourceTree = "<group>"; };
		CC90ED22200F437600CFEFE3 /* Lesson2Tests.xctest */ = {isa = PBXFileReference; explicitFileType = wrapper.cfbundle; includeInIndex = 0; path = Lesson2Tests.xctest; sourceTree = BUILT_PRODUCTS_DIR; };
		CC90ED26200F437600CFEFE3 /* Lesson2Tests.m */ = {isa = PBXFileReference; lastKnownFileType = sourcecode.c.objc; path = Lesson2Tests.m; sourceTree = "<group>"; };
		CC90ED28200F437600CFEFE3 /* Info.plist */ = {isa = PBXFileReference; lastKnownFileType = text.plist.xml; path = Info.plist; sourceTree = "<group>"; };
		CC90ED32200F4DA600CFEFE3 /* GeneratedInfo.m */ = {isa = PBXFileReference; lastKnownFileType = sourcecode.c.objc; path = GeneratedInfo.m; sourceTree = "<group>"; };
		CC90ED34200F4EC800CFEFE3 /* GeneratedInfo.h */ = {isa = PBXFileReference; lastKnownFileType = sourcecode.c.h; path = GeneratedInfo.h; sourceTree = "<group>"; };
		CC90ED35200F552700CFEFE3 /* GreetingsGenerator.h */ = {isa = PBXFileReference; lastKnownFileType = sourcecode.c.h; path = GreetingsGenerator.h; sourceTree = "<group>"; };
		CC90ED36200F552700CFEFE3 /* GreetingsGenerator.m */ = {isa = PBXFileReference; lastKnownFileType = sourcecode.c.objc; path = GreetingsGenerator.m; sourceTree = "<group>"; };
		CC90ED39200F61A400CFEFE3 /* NSArray+GetRandom.h */ = {isa = PBXFileReference; lastKnownFileType = sourcecode.c.h; path = "NSArray+GetRandom.h"; sourceTree = "<group>"; };
		CC90ED3A200F61A400CFEFE3 /* NSArray+GetRandom.m */ = {isa = PBXFileReference; lastKnownFileType = sourcecode.c.objc; path = "NSArray+GetRandom.m"; sourceTree = "<group>"; };
/* End PBXFileReference section */

/* Begin PBXFrameworksBuildPhase section */
		CC90ED07200F437600CFEFE3 /* Frameworks */ = {
			isa = PBXFrameworksBuildPhase;
			buildActionMask = 2147483647;
			files = (
			);
			runOnlyForDeploymentPostprocessing = 0;
		};
		CC90ED1F200F437600CFEFE3 /* Frameworks */ = {
			isa = PBXFrameworksBuildPhase;
			buildActionMask = 2147483647;
			files = (
			);
			runOnlyForDeploymentPostprocessing = 0;
		};
/* End PBXFrameworksBuildPhase section */

/* Begin PBXGroup section */
		CC90ED01200F437600CFEFE3 = {
			isa = PBXGroup;
			children = (
				CC90ED0C200F437600CFEFE3 /* Lesson2 */,
				CC90ED25200F437600CFEFE3 /* Lesson2Tests */,
				CC90ED0B200F437600CFEFE3 /* Products */,
			);
			sourceTree = "<group>";
		};
		CC90ED0B200F437600CFEFE3 /* Products */ = {
			isa = PBXGroup;
			children = (
				CC90ED0A200F437600CFEFE3 /* Lesson2.app */,
				CC90ED22200F437600CFEFE3 /* Lesson2Tests.xctest */,
			);
			name = Products;
			sourceTree = "<group>";
		};
		CC90ED0C200F437600CFEFE3 /* Lesson2 */ = {
			isa = PBXGroup;
			children = (
				CC90ED31200F4CCC00CFEFE3 /* Code */,
				CC90ED0D200F437600CFEFE3 /* AppDelegate.h */,
				CC90ED0E200F437600CFEFE3 /* AppDelegate.m */,
				CC90ED13200F437600CFEFE3 /* Main.storyboard */,
				CC90ED16200F437600CFEFE3 /* Assets.xcassets */,
				CC90ED18200F437600CFEFE3 /* LaunchScreen.storyboard */,
				CC90ED1B200F437600CFEFE3 /* Info.plist */,
				CC90ED1C200F437600CFEFE3 /* main.m */,
			);
			path = Lesson2;
			sourceTree = "<group>";
		};
		CC90ED25200F437600CFEFE3 /* Lesson2Tests */ = {
			isa = PBXGroup;
			children = (
				CC90ED26200F437600CFEFE3 /* Lesson2Tests.m */,
				CC90ED28200F437600CFEFE3 /* Info.plist */,
			);
			path = Lesson2Tests;
			sourceTree = "<group>";
		};
		CC90ED31200F4CCC00CFEFE3 /* Code */ = {
			isa = PBXGroup;
			children = (
				CC90ED10200F437600CFEFE3 /* GreetingsViewController.h */,
				CC90ED11200F437600CFEFE3 /* GreetingsViewController.m */,
				CC90ED34200F4EC800CFEFE3 /* GeneratedInfo.h */,
				CC90ED32200F4DA600CFEFE3 /* GeneratedInfo.m */,
				CC90ED35200F552700CFEFE3 /* GreetingsGenerator.h */,
				CC90ED36200F552700CFEFE3 /* GreetingsGenerator.m */,
				CC90ED39200F61A400CFEFE3 /* NSArray+GetRandom.h */,
				CC90ED3A200F61A400CFEFE3 /* NSArray+GetRandom.m */,
			);
			path = Code;
			sourceTree = "<group>";
		};
/* End PBXGroup section */

/* Begin PBXNativeTarget section */
		CC90ED09200F437600CFEFE3 /* Lesson2 */ = {
			isa = PBXNativeTarget;
			buildConfigurationList = CC90ED2B200F437600CFEFE3 /* Build configuration list for PBXNativeTarget "Lesson2" */;
			buildPhases = (
				CC90ED06200F437600CFEFE3 /* Sources */,
				CC90ED07200F437600CFEFE3 /* Frameworks */,
				CC90ED08200F437600CFEFE3 /* Resources */,
			);
			buildRules = (
			);
			dependencies = (
			);
			name = Lesson2;
			productName = Lesson2;
			productReference = CC90ED0A200F437600CFEFE3 /* Lesson2.app */;
			productType = "com.apple.product-type.application";
		};
		CC90ED21200F437600CFEFE3 /* Lesson2Tests */ = {
			isa = PBXNativeTarget;
			buildConfigurationList = CC90ED2E200F437600CFEFE3 /* Build configuration list for PBXNativeTarget "Lesson2Tests" */;
			buildPhases = (
				CC90ED1E200F437600CFEFE3 /* Sources */,
				CC90ED1F200F437600CFEFE3 /* Frameworks */,
				CC90ED20200F437600CFEFE3 /* Resources */,
			);
			buildRules = (
			);
			dependencies = (
				CC90ED24200F437600CFEFE3 /* PBXTargetDependency */,
			);
			name = Lesson2Tests;
			productName = Lesson2Tests;
			productReference = CC90ED22200F437600CFEFE3 /* Lesson2Tests.xctest */;
			productType = "com.apple.product-type.bundle.unit-test";
		};
/* End PBXNativeTarget section */

/* Begin PBXProject section */
		CC90ED02200F437600CFEFE3 /* Project object */ = {
			isa = PBXProject;
			attributes = {
				LastUpgradeCheck = 0920;
				ORGANIZATIONNAME = ArtsemiRyzhankou;
				TargetAttributes = {
					CC90ED09200F437600CFEFE3 = {
						CreatedOnToolsVersion = 9.2;
						ProvisioningStyle = Automatic;
					};
					CC90ED21200F437600CFEFE3 = {
						CreatedOnToolsVersion = 9.2;
						ProvisioningStyle = Automatic;
						TestTargetID = CC90ED09200F437600CFEFE3;
					};
				};
			};
			buildConfigurationList = CC90ED05200F437600CFEFE3 /* Build configuration list for PBXProject "Lesson2" */;
			compatibilityVersion = "Xcode 8.0";
			developmentRegion = en;
			hasScannedForEncodings = 0;
			knownRegions = (
				en,
				Base,
			);
			mainGroup = CC90ED01200F437600CFEFE3;
			productRefGroup = CC90ED0B200F437600CFEFE3 /* Products */;
			projectDirPath = "";
			projectRoot = "";
			targets = (
				CC90ED09200F437600CFEFE3 /* Lesson2 */,
				CC90ED21200F437600CFEFE3 /* Lesson2Tests */,
			);
		};
/* End PBXProject section */

/* Begin PBXResourcesBuildPhase section */
		CC90ED08200F437600CFEFE3 /* Resources */ = {
			isa = PBXResourcesBuildPhase;
			buildActionMask = 2147483647;
			files = (
				CC90ED1A200F437600CFEFE3 /* LaunchScreen.storyboard in Resources */,
				CC90ED17200F437600CFEFE3 /* Assets.xcassets in Resources */,
				CC90ED15200F437600CFEFE3 /* Main.storyboard in Resources */,
			);
			runOnlyForDeploymentPostprocessing = 0;
		};
		CC90ED20200F437600CFEFE3 /* Resources */ = {
			isa = PBXResourcesBuildPhase;
			buildActionMask = 2147483647;
			files = (
			);
			runOnlyForDeploymentPostprocessing = 0;
		};
/* End PBXResourcesBuildPhase section */

/* Begin PBXSourcesBuildPhase section */
		CC90ED06200F437600CFEFE3 /* Sources */ = {
			isa = PBXSourcesBuildPhase;
			buildActionMask = 2147483647;
			files = (
				CC90ED12200F437600CFEFE3 /* GreetingsViewController.m in Sources */,
				CC90ED37200F552700CFEFE3 /* GreetingsGenerator.m in Sources */,
				CC90ED3B200F61A400CFEFE3 /* NSArray+GetRandom.m in Sources */,
				CC90ED33200F4DA600CFEFE3 /* GeneratedInfo.m in Sources */,
				CC90ED1D200F437600CFEFE3 /* main.m in Sources */,
				CC90ED0F200F437600CFEFE3 /* AppDelegate.m in Sources */,
			);
			runOnlyForDeploymentPostprocessing = 0;
		};
		CC90ED1E200F437600CFEFE3 /* Sources */ = {
			isa = PBXSourcesBuildPhase;
			buildActionMask = 2147483647;
			files = (
				CC90ED27200F437600CFEFE3 /* Lesson2Tests.m in Sources */,
			);
			runOnlyForDeploymentPostprocessing = 0;
		};
/* End PBXSourcesBuildPhase section */

/* Begin PBXTargetDependency section */
		CC90ED24200F437600CFEFE3 /* PBXTargetDependency */ = {
			isa = PBXTargetDependency;
			target = CC90ED09200F437600CFEFE3 /* Lesson2 */;
			targetProxy = CC90ED23200F437600CFEFE3 /* PBXContainerItemProxy */;
		};
/* End PBXTargetDependency section */

/* Begin PBXVariantGroup section */
		CC90ED13200F437600CFEFE3 /* Main.storyboard */ = {
			isa = PBXVariantGroup;
			children = (
				CC90ED14200F437600CFEFE3 /* Base */,
			);
			name = Main.storyboard;
			sourceTree = "<group>";
		};
		CC90ED18200F437600CFEFE3 /* LaunchScreen.storyboard */ = {
			isa = PBXVariantGroup;
			children = (
				CC90ED19200F437600CFEFE3 /* Base */,
			);
			name = LaunchScreen.storyboard;
			sourceTree = "<group>";
		};
/* End PBXVariantGroup section */

/* Begin XCBuildConfiguration section */
		CC90ED29200F437600CFEFE3 /* Debug */ = {
			isa = XCBuildConfiguration;
			buildSettings = {
				ALWAYS_SEARCH_USER_PATHS = NO;
				CLANG_ANALYZER_NONNULL = YES;
				CLANG_ANALYZER_NUMBER_OBJECT_CONVERSION = YES_AGGRESSIVE;
				CLANG_CXX_LANGUAGE_STANDARD = "gnu++14";
				CLANG_CXX_LIBRARY = "libc++";
				CLANG_ENABLE_MODULES = YES;
				CLANG_ENABLE_OBJC_ARC = YES;
				CLANG_WARN_BLOCK_CAPTURE_AUTORELEASING = YES;
				CLANG_WARN_BOOL_CONVERSION = YES;
				CLANG_WARN_COMMA = YES;
				CLANG_WARN_CONSTANT_CONVERSION = YES;
				CLANG_WARN_DIRECT_OBJC_ISA_USAGE = YES_ERROR;
				CLANG_WARN_DOCUMENTATION_COMMENTS = YES;
				CLANG_WARN_EMPTY_BODY = YES;
				CLANG_WARN_ENUM_CONVERSION = YES;
				CLANG_WARN_INFINITE_RECURSION = YES;
				CLANG_WARN_INT_CONVERSION = YES;
				CLANG_WARN_NON_LITERAL_NULL_CONVERSION = YES;
				CLANG_WARN_OBJC_LITERAL_CONVERSION = YES;
				CLANG_WARN_OBJC_ROOT_CLASS = YES_ERROR;
				CLANG_WARN_RANGE_LOOP_ANALYSIS = YES;
				CLANG_WARN_STRICT_PROTOTYPES = YES;
				CLANG_WARN_SUSPICIOUS_MOVE = YES;
				CLANG_WARN_UNGUARDED_AVAILABILITY = YES_AGGRESSIVE;
				CLANG_WARN_UNREACHABLE_CODE = YES;
				CLANG_WARN__DUPLICATE_METHOD_MATCH = YES;
				CODE_SIGN_IDENTITY = "iPhone Developer";
				COPY_PHASE_STRIP = NO;
				DEBUG_INFORMATION_FORMAT = dwarf;
				ENABLE_STRICT_OBJC_MSGSEND = YES;
				ENABLE_TESTABILITY = YES;
				GCC_C_LANGUAGE_STANDARD = gnu11;
				GCC_DYNAMIC_NO_PIC = NO;
				GCC_NO_COMMON_BLOCKS = YES;
				GCC_OPTIMIZATION_LEVEL = 0;
				GCC_PREPROCESSOR_DEFINITIONS = (
					"DEBUG=1",
					"$(inherited)",
				);
				GCC_WARN_64_TO_32_BIT_CONVERSION = YES;
				GCC_WARN_ABOUT_RETURN_TYPE = YES_ERROR;
				GCC_WARN_UNDECLARED_SELECTOR = YES;
				GCC_WARN_UNINITIALIZED_AUTOS = YES_AGGRESSIVE;
				GCC_WARN_UNUSED_FUNCTION = YES;
				GCC_WARN_UNUSED_VARIABLE = YES;
				IPHONEOS_DEPLOYMENT_TARGET = 11.2;
				MTL_ENABLE_DEBUG_INFO = YES;
				ONLY_ACTIVE_ARCH = YES;
				SDKROOT = iphoneos;
			};
			name = Debug;
		};
		CC90ED2A200F437600CFEFE3 /* Release */ = {
			isa = XCBuildConfiguration;
			buildSettings = {
				ALWAYS_SEARCH_USER_PATHS = NO;
				CLANG_ANALYZER_NONNULL = YES;
				CLANG_ANALYZER_NUMBER_OBJECT_CONVERSION = YES_AGGRESSIVE;
				CLANG_CXX_LANGUAGE_STANDARD = "gnu++14";
				CLANG_CXX_LIBRARY = "libc++";
				CLANG_ENABLE_MODULES = YES;
				CLANG_ENABLE_OBJC_ARC = YES;
				CLANG_WARN_BLOCK_CAPTURE_AUTORELEASING = YES;
				CLANG_WARN_BOOL_CONVERSION = YES;
				CLANG_WARN_COMMA = YES;
				CLANG_WARN_CONSTANT_CONVERSION = YES;
				CLANG_WARN_DIRECT_OBJC_ISA_USAGE = YES_ERROR;
				CLANG_WARN_DOCUMENTATION_COMMENTS = YES;
				CLANG_WARN_EMPTY_BODY = YES;
				CLANG_WARN_ENUM_CONVERSION = YES;
				CLANG_WARN_INFINITE_RECURSION = YES;
				CLANG_WARN_INT_CONVERSION = YES;
				CLANG_WARN_NON_LITERAL_NULL_CONVERSION = YES;
				CLANG_WARN_OBJC_LITERAL_CONVERSION = YES;
				CLANG_WARN_OBJC_ROOT_CLASS = YES_ERROR;
				CLANG_WARN_RANGE_LOOP_ANALYSIS = YES;
				CLANG_WARN_STRICT_PROTOTYPES = YES;
				CLANG_WARN_SUSPICIOUS_MOVE = YES;
				CLANG_WARN_UNGUARDED_AVAILABILITY = YES_AGGRESSIVE;
				CLANG_WARN_UNREACHABLE_CODE = YES;
				CLANG_WARN__DUPLICATE_METHOD_MATCH = YES;
				CODE_SIGN_IDENTITY = "iPhone Developer";
				COPY_PHASE_STRIP = NO;
				DEBUG_INFORMATION_FORMAT = "dwarf-with-dsym";
				ENABLE_NS_ASSERTIONS = NO;
				ENABLE_STRICT_OBJC_MSGSEND = YES;
				GCC_C_LANGUAGE_STANDARD = gnu11;
				GCC_NO_COMMON_BLOCKS = YES;
				GCC_WARN_64_TO_32_BIT_CONVERSION = YES;
				GCC_WARN_ABOUT_RETURN_TYPE = YES_ERROR;
				GCC_WARN_UNDECLARED_SELECTOR = YES;
				GCC_WARN_UNINITIALIZED_AUTOS = YES_AGGRESSIVE;
				GCC_WARN_UNUSED_FUNCTION = YES;
				GCC_WARN_UNUSED_VARIABLE = YES;
				IPHONEOS_DEPLOYMENT_TARGET = 11.2;
				MTL_ENABLE_DEBUG_INFO = NO;
				SDKROOT = iphoneos;
				VALIDATE_PRODUCT = YES;
			};
			name = Release;
		};
		CC90ED2C200F437600CFEFE3 /* Debug */ = {
			isa = XCBuildConfiguration;
			buildSettings = {
				ASSETCATALOG_COMPILER_APPICON_NAME = AppIcon;
				CLANG_ENABLE_OBJC_ARC = NO;
				CODE_SIGN_STYLE = Automatic;
				DEVELOPMENT_TEAM = L8TNME9M5W;
				INFOPLIST_FILE = Lesson2/Info.plist;
				LD_RUNPATH_SEARCH_PATHS = "$(inherited) @executable_path/Frameworks";
				PRODUCT_BUNDLE_IDENTIFIER = com.artsemiryzhankou.Lesson2;
				PRODUCT_NAME = "$(TARGET_NAME)";
				TARGETED_DEVICE_FAMILY = "1,2";
			};
			name = Debug;
		};
		CC90ED2D200F437600CFEFE3 /* Release */ = {
			isa = XCBuildConfiguration;
			buildSettings = {
				ASSETCATALOG_COMPILER_APPICON_NAME = AppIcon;
				CLANG_ENABLE_OBJC_ARC = NO;
				CODE_SIGN_STYLE = Automatic;
				DEVELOPMENT_TEAM = L8TNME9M5W;
				INFOPLIST_FILE = Lesson2/Info.plist;
				LD_RUNPATH_SEARCH_PATHS = "$(inherited) @executable_path/Frameworks";
				PRODUCT_BUNDLE_IDENTIFIER = com.artsemiryzhankou.Lesson2;
				PRODUCT_NAME = "$(TARGET_NAME)";
				TARGETED_DEVICE_FAMILY = "1,2";
			};
			name = Release;
		};
		CC90ED2F200F437600CFEFE3 /* Debug */ = {
			isa = XCBuildConfiguration;
			buildSettings = {
				BUNDLE_LOADER = "$(TEST_HOST)";
				CODE_SIGN_STYLE = Automatic;
				DEVELOPMENT_TEAM = L8TNME9M5W;
				INFOPLIST_FILE = Lesson2Tests/Info.plist;
				LD_RUNPATH_SEARCH_PATHS = "$(inherited) @executable_path/Frameworks @loader_path/Frameworks";
				PRODUCT_BUNDLE_IDENTIFIER = com.artsemiryzhankou.Lesson2Tests;
				PRODUCT_NAME = "$(TARGET_NAME)";
				TARGETED_DEVICE_FAMILY = "1,2";
				TEST_HOST = "$(BUILT_PRODUCTS_DIR)/Lesson2.app/Lesson2";
			};
			name = Debug;
		};
		CC90ED30200F437600CFEFE3 /* Release */ = {
			isa = XCBuildConfiguration;
			buildSettings = {
				BUNDLE_LOADER = "$(TEST_HOST)";
				CODE_SIGN_STYLE = Automatic;
				DEVELOPMENT_TEAM = L8TNME9M5W;
				INFOPLIST_FILE = Lesson2Tests/Info.plist;
				LD_RUNPATH_SEARCH_PATHS = "$(inherited) @executable_path/Frameworks @loader_path/Frameworks";
				PRODUCT_BUNDLE_IDENTIFIER = com.artsemiryzhankou.Lesson2Tests;
				PRODUCT_NAME = "$(TARGET_NAME)";
				TARGETED_DEVICE_FAMILY = "1,2";
				TEST_HOST = "$(BUILT_PRODUCTS_DIR)/Lesson2.app/Lesson2";
			};
			name = Release;
		};
/* End XCBuildConfiguration section */

/* Begin XCConfigurationList section */
		CC90ED05200F437600CFEFE3 /* Build configuration list for PBXProject "Lesson2" */ = {
			isa = XCConfigurationList;
			buildConfigurations = (
				CC90ED29200F437600CFEFE3 /* Debug */,
				CC90ED2A200F437600CFEFE3 /* Release */,
			);
			defaultConfigurationIsVisible = 0;
			defaultConfigurationName = Release;
		};
		CC90ED2B200F437600CFEFE3 /* Build configuration list for PBXNativeTarget "Lesson2" */ = {
			isa = XCConfigurationList;
			buildConfigurations = (
				CC90ED2C200F437600CFEFE3 /* Debug */,
				CC90ED2D200F437600CFEFE3 /* Release */,
			);
			defaultConfigurationIsVisible = 0;
			defaultConfigurationName = Release;
		};
		CC90ED2E200F437600CFEFE3 /* Build configuration list for PBXNativeTarget "Lesson2Tests" */ = {
			isa = XCConfigurationList;
			buildConfigurations = (
				CC90ED2F200F437600CFEFE3 /* Debug */,
				CC90ED30200F437600CFEFE3 /* Release */,
			);
			defaultConfigurationIsVisible = 0;
			defaultConfigurationName = Release;
		};
/* End XCConfigurationList section */
	};
	rootObject = CC90ED02200F437600CFEFE3 /* Project object */;
}
